
Microsoft Visual Studio Solution File, Format Version 12.00
# Visual Studio 15
VisualStudioVersion = 15.0.27130.2036
MinimumVisualStudioVersion = 10.0.40219.1
Project("{9A19103F-16F7-4668-BE54-9A1E7A4F7556}") = "ConfygureOut", "ConfygureOut\ConfygureOut.csproj", "{A1FA36F0-8EAE-4EFF-AB86-394EF243B564}"
EndProject
Project("{FAE04EC0-301F-11D3-BF4B-00C04F79EFBC}") = "ConfygureOut.Sources.ConfigRSource", "ConfygureOut.Sources.ConfigRSource\ConfygureOut.Sources.ConfigRSource.csproj", "{E179C5B6-EC5D-4C13-82E3-9C62097D27BD}"
EndProject
Project("{FAE04EC0-301F-11D3-BF4B-00C04F79EFBC}") = "ConfygureOut.Examples", "ConfygureOut.Examples\ConfygureOut.Examples.csproj", "{DA8CD646-F1E7-4B7F-BEC1-DC0D6219D503}"
EndProject
Project("{FAE04EC0-301F-11D3-BF4B-00C04F79EFBC}") = "ConfygureOut.Sources.EnvironmentVariableSource", "ConfygureOut.Sources.EnvironmentVariableSource\ConfygureOut.Sources.EnvironmentVariableSource.csproj", "{0556B42D-A171-4D06-8598-629C23F19676}"
EndProject
Project("{FAE04EC0-301F-11D3-BF4B-00C04F79EFBC}") = "ConfygureOut.Sources.AppSettingsSource", "ConfygureOut.Sources.AppSettingsSource\ConfygureOut.Sources.AppSettingsSource.csproj", "{99FAF426-71FB-4BE2-BB0F-B784E2F077DB}"
EndProject
Project("{FAE04EC0-301F-11D3-BF4B-00C04F79EFBC}") = "ConfygureOut.FullNetFramework", "ConfygureOut.FullNetFramework\ConfygureOut.FullNetFramework.csproj", "{3A1D1849-C712-4C66-8526-81277F2BF01A}"
EndProject
Project("{2150E333-8FDC-42A3-9474-1A3956D46DE8}") = "Nuget", "Nuget", "{D4CD8DB1-7BA5-4B42-986A-DE6942B2BDAB}"
	ProjectSection(SolutionItems) = preProject
		..\nuget\ConfygureOut.nuspec = ..\nuget\ConfygureOut.nuspec
		..\nuget\ConfygureOut.Sources.JsonSource.nuspec = ..\nuget\ConfygureOut.Sources.JsonSource.nuspec
		..\nuget\publish-confygure-out.cmd = ..\nuget\publish-confygure-out.cmd
		..\nuget\publish-json-source.cmd = ..\nuget\publish-json-source.cmd
	EndProjectSection
EndProject
Project("{D954291E-2A0B-460D-934E-DC6B0785DB48}") = "ConfygureOut.Shared", "ConfygureOut.Shared\ConfygureOut.Shared.shproj", "{39379BD7-FFC1-490E-9995-D12FA3729C51}"
EndProject
Project("{9A19103F-16F7-4668-BE54-9A1E7A4F7556}") = "ConfygureOut.Sources.JsonSource", "ConfygureOut.Sources.JsonSource\ConfygureOut.Sources.JsonSource.csproj", "{C26534B2-BA68-44AC-A0F0-06872661F56A}"
EndProject
Global
	GlobalSection(SharedMSBuildProjectFiles) = preSolution
		ConfygureOut.Shared\ConfygureOut.Shared.projitems*{39379bd7-ffc1-490e-9995-d12fa3729c51}*SharedItemsImports = 13
		ConfygureOut.Shared\ConfygureOut.Shared.projitems*{3a1d1849-c712-4c66-8526-81277f2bf01a}*SharedItemsImports = 4
	EndGlobalSection
	GlobalSection(SolutionConfigurationPlatforms) = preSolution
		Debug|Any CPU = Debug|Any CPU
		Release|Any CPU = Release|Any CPU
	EndGlobalSection
	GlobalSection(ProjectConfigurationPlatforms) = postSolution
		{A1FA36F0-8EAE-4EFF-AB86-394EF243B564}.Debug|Any CPU.ActiveCfg = Debug|Any CPU
		{A1FA36F0-8EAE-4EFF-AB86-394EF243B564}.Debug|Any CPU.Build.0 = Debug|Any CPU
		{A1FA36F0-8EAE-4EFF-AB86-394EF243B564}.Release|Any CPU.ActiveCfg = Release|Any CPU
		{A1FA36F0-8EAE-4EFF-AB86-394EF243B564}.Release|Any CPU.Build.0 = Release|Any CPU
		{E179C5B6-EC5D-4C13-82E3-9C62097D27BD}.Debug|Any CPU.ActiveCfg = Debug|Any CPU
		{E179C5B6-EC5D-4C13-82E3-9C62097D27BD}.Debug|Any CPU.Build.0 = Debug|Any CPU
		{E179C5B6-EC5D-4C13-82E3-9C62097D27BD}.Release|Any CPU.ActiveCfg = Release|Any CPU
		{E179C5B6-EC5D-4C13-82E3-9C62097D27BD}.Release|Any CPU.Build.0 = Release|Any CPU
		{DA8CD646-F1E7-4B7F-BEC1-DC0D6219D503}.Debug|Any CPU.ActiveCfg = Debug|Any CPU
		{DA8CD646-F1E7-4B7F-BEC1-DC0D6219D503}.Debug|Any CPU.Build.0 = Debug|Any CPU
		{DA8CD646-F1E7-4B7F-BEC1-DC0D6219D503}.Release|Any CPU.ActiveCfg = Release|Any CPU
		{DA8CD646-F1E7-4B7F-BEC1-DC0D6219D503}.Release|Any CPU.Build.0 = Release|Any CPU
		{0556B42D-A171-4D06-8598-629C23F19676}.Debug|Any CPU.ActiveCfg = Debug|Any CPU
		{0556B42D-A171-4D06-8598-629C23F19676}.Debug|Any CPU.Build.0 = Debug|Any CPU
		{0556B42D-A171-4D06-8598-629C23F19676}.Release|Any CPU.ActiveCfg = Release|Any CPU
		{0556B42D-A171-4D06-8598-629C23F19676}.Release|Any CPU.Build.0 = Release|Any CPU
		{99FAF426-71FB-4BE2-BB0F-B784E2F077DB}.Debug|Any CPU.ActiveCfg = Debug|Any CPU
		{99FAF426-71FB-4BE2-BB0F-B784E2F077DB}.Debug|Any CPU.Build.0 = Debug|Any CPU
		{99FAF426-71FB-4BE2-BB0F-B784E2F077DB}.Release|Any CPU.ActiveCfg = Release|Any CPU
		{99FAF426-71FB-4BE2-BB0F-B784E2F077DB}.Release|Any CPU.Build.0 = Release|Any CPU
		{3A1D1849-C712-4C66-8526-81277F2BF01A}.Debug|Any CPU.ActiveCfg = Debug|Any CPU
		{3A1D1849-C712-4C66-8526-81277F2BF01A}.Debug|Any CPU.Build.0 = Debug|Any CPU
		{3A1D1849-C712-4C66-8526-81277F2BF01A}.Release|Any CPU.ActiveCfg = Release|Any CPU
		{3A1D1849-C712-4C66-8526-81277F2BF01A}.Release|Any CPU.Build.0 = Release|Any CPU
		{C26534B2-BA68-44AC-A0F0-06872661F56A}.Debug|Any CPU.ActiveCfg = Debug|Any CPU
		{C26534B2-BA68-44AC-A0F0-06872661F56A}.Debug|Any CPU.Build.0 = Debug|Any CPU
		{C26534B2-BA68-44AC-A0F0-06872661F56A}.Release|Any CPU.ActiveCfg = Release|Any CPU
		{C26534B2-BA68-44AC-A0F0-06872661F56A}.Release|Any CPU.Build.0 = Release|Any CPU
	EndGlobalSection
	GlobalSection(SolutionProperties) = preSolution
		HideSolutionNode = FALSE
	EndGlobalSection
	GlobalSection(ExtensibilityGlobals) = postSolution
		SolutionGuid = {D7E1F28A-5AF6-496E-8A79-9C9C27B5269A}
	EndGlobalSection
EndGlobal
